
Microsoft Visual Studio Solution File, Format Version 12.00
# Visual Studio 15
VisualStudioVersion = 15.0.27428.2002
MinimumVisualStudioVersion = 10.0.40219.1
Project("{888888A0-9F3D-457C-B088-3A5042F75D52}") = "FixedLearning", "FixedLearning\FixedLearning.pyproj", "{C868DA11-61A8-49DD-8465-B86979E50A81}"
EndProject
Global
	GlobalSection(SolutionConfigurationPlatforms) = preSolution
		Debug|Any CPU = Debug|Any CPU
		Release|Any CPU = Release|Any CPU
	EndGlobalSection
	GlobalSection(ProjectConfigurationPlatforms) = postSolution
		{C868DA11-61A8-49DD-8465-B86979E50A81}.Debug|Any CPU.ActiveCfg = Debug|Any CPU
		{C868DA11-61A8-49DD-8465-B86979E50A81}.Release|Any CPU.ActiveCfg = Release|Any CPU
	EndGlobalSection
	GlobalSection(SolutionProperties) = preSolution
		HideSolutionNode = FALSE
	EndGlobalSection
	GlobalSection(ExtensibilityGlobals) = postSolution
		SolutionGuid = {D505A825-4BC4-434C-AD06-DC5ED3F12810}
	EndGlobalSection
EndGlobal
